
Microsoft Visual Studio Solution File, Format Version 12.00
# Visual Studio 15
VisualStudioVersion = 15.0.28307.1022
MinimumVisualStudioVersion = 10.0.40219.1
Project("{9A19103F-16F7-4668-BE54-9A1E7A4F7556}") = "TournamentWebApi", "TournamentWebApi\TournamentWebApi.csproj", "{69D1B441-EEEC-4018-B1F4-6E2B54581B05}"
EndProject
Project("{FAE04EC0-301F-11D3-BF4B-00C04F79EFBC}") = "Contract", "Contract\Contract.csproj", "{E6FA6F5B-B87B-48D8-BED9-24EEDEC9A9E0}"
EndProject
Global
	GlobalSection(SolutionConfigurationPlatforms) = preSolution
		Debug|Any CPU = Debug|Any CPU
		Release|Any CPU = Release|Any CPU
	EndGlobalSection
	GlobalSection(ProjectConfigurationPlatforms) = postSolution
		{69D1B441-EEEC-4018-B1F4-6E2B54581B05}.Debug|Any CPU.ActiveCfg = Debug|Any CPU
		{69D1B441-EEEC-4018-B1F4-6E2B54581B05}.Debug|Any CPU.Build.0 = Debug|Any CPU
		{69D1B441-EEEC-4018-B1F4-6E2B54581B05}.Release|Any CPU.ActiveCfg = Release|Any CPU
		{69D1B441-EEEC-4018-B1F4-6E2B54581B05}.Release|Any CPU.Build.0 = Release|Any CPU
		{E6FA6F5B-B87B-48D8-BED9-24EEDEC9A9E0}.Debug|Any CPU.ActiveCfg = Debug|Any CPU
		{E6FA6F5B-B87B-48D8-BED9-24EEDEC9A9E0}.Debug|Any CPU.Build.0 = Debug|Any CPU
		{E6FA6F5B-B87B-48D8-BED9-24EEDEC9A9E0}.Release|Any CPU.ActiveCfg = Release|Any CPU
		{E6FA6F5B-B87B-48D8-BED9-24EEDEC9A9E0}.Release|Any CPU.Build.0 = Release|Any CPU
	EndGlobalSection
	GlobalSection(SolutionProperties) = preSolution
		HideSolutionNode = FALSE
	EndGlobalSection
	GlobalSection(ExtensibilityGlobals) = postSolution
		SolutionGuid = {EFC0DD77-D0ED-486C-B252-2407097498A4}
	EndGlobalSection
EndGlobal
